
Microsoft Visual Studio Solution File, Format Version 12.00
# Visual Studio Version 17
VisualStudioVersion = 17.10.35013.160
MinimumVisualStudioVersion = 10.0.40219.1
Project("{FAE04EC0-301F-11D3-BF4B-00C04F79EFBC}") = "EstacionamentoFront", "EstacionamentoFront\EstacionamentoFront.csproj", "{EF50C87F-163D-47FF-8422-C7B0DDFB2C07}"
EndProject
Project("{FAE04EC0-301F-11D3-BF4B-00C04F79EFBC}") = "EstacionamentoApi", "EstacionamentoApi\EstacionamentoApi.csproj", "{6665D46E-52CA-443D-9B6D-C963263E4CED}"
EndProject
Project("{FAE04EC0-301F-11D3-BF4B-00C04F79EFBC}") = "EstacionamentoModel", "EstacionamentoModel\EstacionamentoModel.csproj", "{254EA6B1-7A27-4136-90BA-4E08DEFCF11F}"
EndProject
Project("{FAE04EC0-301F-11D3-BF4B-00C04F79EFBC}") = "EstacionamentoInfra", "EstacionamentoInfra\EstacionamentoInfra.csproj", "{DF9F0F3F-F0C2-4383-BE63-6B1F7465FB28}"
EndProject
Global
	GlobalSection(SolutionConfigurationPlatforms) = preSolution
		Debug|Any CPU = Debug|Any CPU
		Release|Any CPU = Release|Any CPU
	EndGlobalSection
	GlobalSection(ProjectConfigurationPlatforms) = postSolution
		{EF50C87F-163D-47FF-8422-C7B0DDFB2C07}.Debug|Any CPU.ActiveCfg = Debug|Any CPU
		{EF50C87F-163D-47FF-8422-C7B0DDFB2C07}.Debug|Any CPU.Build.0 = Debug|Any CPU
		{EF50C87F-163D-47FF-8422-C7B0DDFB2C07}.Release|Any CPU.ActiveCfg = Release|Any CPU
		{EF50C87F-163D-47FF-8422-C7B0DDFB2C07}.Release|Any CPU.Build.0 = Release|Any CPU
		{6665D46E-52CA-443D-9B6D-C963263E4CED}.Debug|Any CPU.ActiveCfg = Debug|Any CPU
		{6665D46E-52CA-443D-9B6D-C963263E4CED}.Debug|Any CPU.Build.0 = Debug|Any CPU
		{6665D46E-52CA-443D-9B6D-C963263E4CED}.Release|Any CPU.ActiveCfg = Release|Any CPU
		{6665D46E-52CA-443D-9B6D-C963263E4CED}.Release|Any CPU.Build.0 = Release|Any CPU
		{254EA6B1-7A27-4136-90BA-4E08DEFCF11F}.Debug|Any CPU.ActiveCfg = Debug|Any CPU
		{254EA6B1-7A27-4136-90BA-4E08DEFCF11F}.Debug|Any CPU.Build.0 = Debug|Any CPU
		{254EA6B1-7A27-4136-90BA-4E08DEFCF11F}.Release|Any CPU.ActiveCfg = Release|Any CPU
		{254EA6B1-7A27-4136-90BA-4E08DEFCF11F}.Release|Any CPU.Build.0 = Release|Any CPU
		{DF9F0F3F-F0C2-4383-BE63-6B1F7465FB28}.Debug|Any CPU.ActiveCfg = Debug|Any CPU
		{DF9F0F3F-F0C2-4383-BE63-6B1F7465FB28}.Debug|Any CPU.Build.0 = Debug|Any CPU
		{DF9F0F3F-F0C2-4383-BE63-6B1F7465FB28}.Release|Any CPU.ActiveCfg = Release|Any CPU
		{DF9F0F3F-F0C2-4383-BE63-6B1F7465FB28}.Release|Any CPU.Build.0 = Release|Any CPU
	EndGlobalSection
	GlobalSection(SolutionProperties) = preSolution
		HideSolutionNode = FALSE
	EndGlobalSection
	GlobalSection(ExtensibilityGlobals) = postSolution
		SolutionGuid = {22C6ABB6-6C12-470E-9F80-BF1EAF9A9F7A}
	EndGlobalSection
EndGlobal
